
Microsoft Visual Studio Solution File, Format Version 12.00
# Visual Studio Version 17
VisualStudioVersion = 17.0.32112.339
MinimumVisualStudioVersion = 10.0.40219.1
Project("{FAE04EC0-301F-11D3-BF4B-00C04F79EFBC}") = "MvcMovie", "MvcMovie\MvcMovie.csproj", "{84609CE6-B244-4E31-A86B-8D956541142C}"
EndProject
Global
	GlobalSection(SolutionConfigurationPlatforms) = preSolution
		Debug|Any CPU = Debug|Any CPU
		Release|Any CPU = Release|Any CPU
	EndGlobalSection
	GlobalSection(ProjectConfigurationPlatforms) = postSolution
		{84609CE6-B244-4E31-A86B-8D956541142C}.Debug|Any CPU.ActiveCfg = Debug|Any CPU
		{84609CE6-B244-4E31-A86B-8D956541142C}.Debug|Any CPU.Build.0 = Debug|Any CPU
		{84609CE6-B244-4E31-A86B-8D956541142C}.Release|Any CPU.ActiveCfg = Release|Any CPU
		{84609CE6-B244-4E31-A86B-8D956541142C}.Release|Any CPU.Build.0 = Release|Any CPU
	EndGlobalSection
	GlobalSection(SolutionProperties) = preSolution
		HideSolutionNode = FALSE
	EndGlobalSection
	GlobalSection(ExtensibilityGlobals) = postSolution
		SolutionGuid = {6AAE3C18-D15C-4E8C-B053-3A2BA808C1C1}
	EndGlobalSection
EndGlobal
